{
  "name": "aplikacja",
  "version": "0.9.0",
  "lockfileVersion": 1,
  "requires": true,
  "dependencies": {
    "bluebird": {
      "version": "3.5.3",
      "resolved": "https://registry.npmjs.org/bluebird/-/bluebird-3.5.3.tgz",
      "integrity": "sha512-/qKPUQlaW1OyR51WeCPBvRnAlnZFUJkCSG5HzGnuIqhgyJtF+T94lFnn33eiazjRm2LAHVy2guNnaq48X9SJuw=="
    },
    "lodash": {
      "version": "4.17.11",
      "resolved": "https://registry.npmjs.org/lodash/-/lodash-4.17.11.tgz",
      "integrity": "sha512-cQKh8igo5QUhZ7lg38DYWAxMvjSAKG0A8wGSVimP07SIUEK2UO+arSRKbRZWtelMtN5V0Hkwh5ryOto/SshYIg=="
    },
    "moment": {
      "version": "2.23.0",
      "resolved": "https://registry.npmjs.org/moment/-/moment-2.23.0.tgz",
      "integrity": "sha512-3IE39bHVqFbWWaPOMHZF98Q9c3LDKGTmypMiTM2QygGXXElkFWIH7GxfmlwmY2vwa+wmNsoYZmG2iusf1ZjJoA=="
    },
    "node-openvpn": {
      "version": "0.1.1",
      "resolved": "https://registry.npmjs.org/node-openvpn/-/node-openvpn-0.1.1.tgz",
      "integrity": "sha512-ndk054AYCHqncltJ0++d4FqP1GANe48Arwv1fiu82+Ywdr+scvb0QlCvUjWiJwWm98Vq19tpzsZFTaIZAW/k3w==",
      "requires": {
        "bluebird": "^3.5.2",
        "lodash": "^4.17.11",
        "moment": "^2.22.2",
        "telnet-client": "github:VPNht/node-telnet-client#fd45812836728efef816749d5c4d19fbf9adc279"
      }
    },
    "telnet-client": {
      "version": "github:VPNht/node-telnet-client#fd45812836728efef816749d5c4d19fbf9adc279",
      "from": "github:VPNht/node-telnet-client"
    }
  }
}
